
Microsoft Visual Studio Solution File, Format Version 12.00
# Visual Studio Version 16
VisualStudioVersion = 16.0.30104.148
MinimumVisualStudioVersion = 10.0.40219.1
Project("{9A19103F-16F7-4668-BE54-9A1E7A4F7556}") = "WebAPI", "WebAPI\WebAPI.csproj", "{D3602BFC-C12B-4E2F-B5FC-650C48EF4C58}"
EndProject
Project("{2150E333-8FDC-42A3-9474-1A3956D46DE8}") = "Solution Items", "Solution Items", "{A2D94488-BC58-4A27-9C98-666C99C4D0E7}"
	ProjectSection(SolutionItems) = preProject
		.gitignore = .gitignore
		README.md = README.md
	EndProjectSection
EndProject
Project("{2150E333-8FDC-42A3-9474-1A3956D46DE8}") = "wkhtmltopdf 0.12.5", "wkhtmltopdf 0.12.5", "{8C34BFEC-0EA7-4978-8CB2-329443E42D18}"
EndProject
Project("{2150E333-8FDC-42A3-9474-1A3956D46DE8}") = "32bit", "32bit", "{A3104F91-61A5-46F7-8CC4-656042D48BCE}"
	ProjectSection(SolutionItems) = preProject
		wkhtmltopdf 0.12.5\32bit\libwkhtmltox.dll = wkhtmltopdf 0.12.5\32bit\libwkhtmltox.dll
		wkhtmltopdf 0.12.5\32bit\libwkhtmltox.dylib = wkhtmltopdf 0.12.5\32bit\libwkhtmltox.dylib
		wkhtmltopdf 0.12.5\32bit\libwkhtmltox.so = wkhtmltopdf 0.12.5\32bit\libwkhtmltox.so
	EndProjectSection
EndProject
Project("{2150E333-8FDC-42A3-9474-1A3956D46DE8}") = "64bit", "64bit", "{3A1D3E5E-EF0E-48A0-A93B-82694F90336D}"
	ProjectSection(SolutionItems) = preProject
		wkhtmltopdf 0.12.5\64bit\libwkhtmltox.dll = wkhtmltopdf 0.12.5\64bit\libwkhtmltox.dll
		wkhtmltopdf 0.12.5\64bit\libwkhtmltox.dylib = wkhtmltopdf 0.12.5\64bit\libwkhtmltox.dylib
		wkhtmltopdf 0.12.5\64bit\libwkhtmltox.so = wkhtmltopdf 0.12.5\64bit\libwkhtmltox.so
	EndProjectSection
EndProject
Global
	GlobalSection(SolutionConfigurationPlatforms) = preSolution
		Debug|Any CPU = Debug|Any CPU
		Release|Any CPU = Release|Any CPU
	EndGlobalSection
	GlobalSection(ProjectConfigurationPlatforms) = postSolution
		{D3602BFC-C12B-4E2F-B5FC-650C48EF4C58}.Debug|Any CPU.ActiveCfg = Debug|Any CPU
		{D3602BFC-C12B-4E2F-B5FC-650C48EF4C58}.Debug|Any CPU.Build.0 = Debug|Any CPU
		{D3602BFC-C12B-4E2F-B5FC-650C48EF4C58}.Release|Any CPU.ActiveCfg = Release|Any CPU
		{D3602BFC-C12B-4E2F-B5FC-650C48EF4C58}.Release|Any CPU.Build.0 = Release|Any CPU
	EndGlobalSection
	GlobalSection(SolutionProperties) = preSolution
		HideSolutionNode = FALSE
	EndGlobalSection
	GlobalSection(NestedProjects) = preSolution
		{A3104F91-61A5-46F7-8CC4-656042D48BCE} = {8C34BFEC-0EA7-4978-8CB2-329443E42D18}
		{3A1D3E5E-EF0E-48A0-A93B-82694F90336D} = {8C34BFEC-0EA7-4978-8CB2-329443E42D18}
	EndGlobalSection
	GlobalSection(ExtensibilityGlobals) = postSolution
		SolutionGuid = {5AA9DAFE-1DF7-4C18-B92B-922D8732A492}
	EndGlobalSection
EndGlobal
